
Microsoft Visual Studio Solution File, Format Version 12.00
# Visual Studio Version 17
VisualStudioVersion = 17.6.33815.320
MinimumVisualStudioVersion = 10.0.40219.1
Project("{FAE04EC0-301F-11D3-BF4B-00C04F79EFBC}") = "FiapStore", "FiapStore\FiapStore.csproj", "{45225A86-9020-4F1F-8F90-0789B369BC2E}"
EndProject
Global
	GlobalSection(SolutionConfigurationPlatforms) = preSolution
		Debug|Any CPU = Debug|Any CPU
		Release|Any CPU = Release|Any CPU
	EndGlobalSection
	GlobalSection(ProjectConfigurationPlatforms) = postSolution
		{45225A86-9020-4F1F-8F90-0789B369BC2E}.Debug|Any CPU.ActiveCfg = Debug|Any CPU
		{45225A86-9020-4F1F-8F90-0789B369BC2E}.Debug|Any CPU.Build.0 = Debug|Any CPU
		{45225A86-9020-4F1F-8F90-0789B369BC2E}.Release|Any CPU.ActiveCfg = Release|Any CPU
		{45225A86-9020-4F1F-8F90-0789B369BC2E}.Release|Any CPU.Build.0 = Release|Any CPU
	EndGlobalSection
	GlobalSection(SolutionProperties) = preSolution
		HideSolutionNode = FALSE
	EndGlobalSection
	GlobalSection(ExtensibilityGlobals) = postSolution
		SolutionGuid = {38B02234-C02D-46BB-8498-3832252D33AE}
	EndGlobalSection
EndGlobal
